{
    "hash": "c463c24f9bbfb1043caf92602324f2a6",
    "packages": [
        {
            "name": "cgm/config-admin",
            "version": "dev-master",
            "source": {
                "type": "git",
                "url": "https://github.com/cgmartin/CgmConfigAdmin",
                "reference": "1.1.2"
            },
            "dist": {
                "type": "zip",
                "url": "https://github.com/cgmartin/CgmConfigAdmin/archive/1.1.2.zip",
                "reference": "1.1.2",
                "shasum": ""
            },
            "require": {
                "php": ">=5.3.3",
                "zendframework/zendframework": "2.0.*",
                "zf-commons/zfc-base": "dev-master"
            },
            "suggest": {
                "bjyoungblood/bjy-authorize": "dev-master",
                "zf-commons/zfc-user": "dev-master"
            },
            "time": "2012-11-16 02:09:41",
            "type": "library",
            "installation-source": "source",
            "autoload": {
                "psr-0": {
                    "CgmConfigAdmin": "src/"
                },
                "classmap": [
                    "./"
                ]
            },
            "license": [
                "BSD-3-Clause"
            ],
            "authors": [
                {
                    "name": "Christopher Martin",
                    "email": "cgmartin@gmail.com",
                    "homepage": "http://cgmartin.com"
                }
            ],
            "description": "ZF2 module for easy administration of application settings",
            "homepage": "https://github.com/cgmartin/CgmConfigAdmin",
            "keywords": [
                "zend",
                "zf2",
                "module"
            ]
        },
        {
            "name": "qu-modules/qu-admin",
            "version": "dev-master",
            "source": {
                "type": "git",
                "url": "git@github.com:Celtico/QuAdmin.git",
                "reference": "a393b6441472ac7d32767bca3ac2ff4a876190e8"
            },
            "dist": {
                "type": "zip",
                "url": "https://github.com/Celtico/QuAdmin/archive/a393b6441472ac7d32767bca3ac2ff4a876190e8.zip",
                "reference": "a393b6441472ac7d32767bca3ac2ff4a876190e8",
                "shasum": ""
            },
            "require": {
                "php": ">=5.3.3",
                "zendframework/zendframework": "2.*"
            },
            "time": "2012-11-26 22:14:17",
            "type": "module",
            "installation-source": "source",
            "autoload": {
                "psr-0": {
                    "ZfcBase": "src/"
                },
                "classmap": [
                    "./Module.php"
                ]
            },
            "license": [
                "BSD-3-Clause"
            ],
            "authors": [
                {
                    "name": "Cel Ticó Petit",
                    "email": "cel@cenics.net",
                    "homepage": "http://www.cenics.cat",
                    "role": "Developer"
                }
            ],
            "description": "ZF2 module QuAdmin",
            "homepage": "https://github.com/Celtico/QuAdmin/",
            "keywords": [
                "admin",
                "zf2",
                "module"
            ]
        },
        {
            "name": "qu-modules/qu-admindemo",
            "version": "dev-master",
            "source": {
                "type": "git",
                "url": "git@github.com:Celtico/QuAdminDemo.git",
                "reference": "0df25700f809688e9b0038b1f9de796cc115117e"
            },
            "dist": {
                "type": "zip",
                "url": "https://github.com/Celtico/QuAdminDemo/archive/0df25700f809688e9b0038b1f9de796cc115117e.zip",
                "reference": "0df25700f809688e9b0038b1f9de796cc115117e",
                "shasum": ""
            },
            "require": {
                "php": ">=5.3.3",
                "zendframework/zendframework": "2.*"
            },
            "time": "2012-11-26 22:22:18",
            "type": "module",
            "installation-source": "source",
            "autoload": {
                "psr-0": {
                    "QuAdminDemo": "src/"
                },
                "classmap": [
                    "./Module.php"
                ]
            },
            "license": [
                "BSD-3-Clause"
            ],
            "authors": [
                {
                    "name": "Cel Ticó Petit",
                    "email": "cel@cenics.net",
                    "homepage": "http://www.cenics.cat",
                    "role": "Developer"
                }
            ],
            "description": "ZF2 QuAdminDemo",
            "homepage": "https://github.com/Celtico/QuAdminDemo/",
            "keywords": [
                "admin",
                "zf2",
                "app",
                "demo"
            ]
        },
        {
            "name": "qu-modules/qu-ckeditor",
            "version": "dev-master",
            "source": {
                "type": "git",
                "url": "git@github.com:Celtico/QuCKEditor.git",
                "reference": "3464169bb900a5330aa4cde0fc67e780ff1562d1"
            },
            "dist": {
                "type": "zip",
                "url": "https://github.com/Celtico/QuCKEditor/archive/3464169bb900a5330aa4cde0fc67e780ff1562d1.zip",
                "reference": "3464169bb900a5330aa4cde0fc67e780ff1562d1",
                "shasum": ""
            },
            "require": {
                "php": ">=5.3.3",
                "zendframework/zendframework": "2.*"
            },
            "time": "2012-11-26 22:17:49",
            "type": "module",
            "installation-source": "source",
            "autoload": {
                "psr-0": {
                    "QuCKEditor": "src/"
                },
                "classmap": [
                    "./Module.php"
                ]
            },
            "license": [
                "BSD-3-Clause"
            ],
            "authors": [
                {
                    "name": "Cel Ticó Petit",
                    "email": "cel@cenics.net",
                    "homepage": "http://www.cenics.cat",
                    "role": "Developer"
                }
            ],
            "description": "ZF2 module for CKEditor",
            "homepage": "https://github.com/Celtico/QuCKEditor/",
            "keywords": [
                "zf2",
                "module",
                "CKEditor"
            ]
        },
        {
            "name": "qu-modules/qu-elfinder",
            "version": "dev-master",
            "source": {
                "type": "git",
                "url": "git@github.com:Celtico/QuElFinder.git",
                "reference": "4c04e85cc100fc721e7ee4357f1894f463bd3755"
            },
            "dist": {
                "type": "zip",
                "url": "https://github.com/Celtico/QuElFinder/archive/4c04e85cc100fc721e7ee4357f1894f463bd3755.zip",
                "reference": "4c04e85cc100fc721e7ee4357f1894f463bd3755",
                "shasum": ""
            },
            "require": {
                "php": ">=5.3.3",
                "zendframework/zendframework": "2.*"
            },
            "time": "2012-11-26 22:14:28",
            "type": "module",
            "installation-source": "source",
            "autoload": {
                "psr-0": {
                    "QuElFinder": "src/"
                },
                "classmap": [
                    "./Module.php"
                ]
            },
            "license": [
                "BSD-3-Clause"
            ],
            "authors": [
                {
                    "name": "Cel Ticó Petit",
                    "email": "cel@cenics.net",
                    "homepage": "http://www.cenics.cat",
                    "role": "Developer"
                }
            ],
            "description": "ZF2 module for ElFinder",
            "homepage": "https://github.com/Celtico/QuElFinder/",
            "keywords": [
                "zf2",
                "module",
                "elfinder"
            ]
        },
        {
            "name": "qu-modules/qu-phpmailer",
            "version": "dev-master",
            "source": {
                "type": "git",
                "url": "git@github.com:Celtico/QuPHPMailer.git",
                "reference": "806ac127ec0517183130481cca1d6d6c1c26690d"
            },
            "dist": {
                "type": "zip",
                "url": "https://github.com/Celtico/QuPHPMailer/archive/806ac127ec0517183130481cca1d6d6c1c26690d.zip",
                "reference": "806ac127ec0517183130481cca1d6d6c1c26690d",
                "shasum": ""
            },
            "require": {
                "php": ">=5.3.3",
                "zendframework/zendframework": "2.*"
            },
            "time": "2012-11-26 22:14:42",
            "type": "module",
            "installation-source": "source",
            "autoload": {
                "psr-0": {
                    "QuPHPMailer": "src/"
                },
                "classmap": [
                    "./Module.php"
                ]
            },
            "license": [
                "BSD-3-Clause"
            ],
            "authors": [
                {
                    "name": "Cel Ticó Petit",
                    "email": "cel@cenics.net",
                    "homepage": "http://www.cenics.cat",
                    "role": "Developer"
                }
            ],
            "description": "ZF2 module for PHPMailer",
            "homepage": "https://github.com/Celtico/QuPHPMailer",
            "keywords": [
                "zf2",
                "module",
                "phpmailer"
            ]
        },
        {
            "name": "qu-modules/qu-tcpdf",
            "version": "dev-master",
            "source": {
                "type": "git",
                "url": "git@github.com:Celtico/QuTcPdf.git",
                "reference": "fcc835a1ffbf74c6dc888d8ce8a3781a3d43e57b"
            },
            "dist": {
                "type": "zip",
                "url": "https://github.com/Celtico/QuTcPdf/archive/fcc835a1ffbf74c6dc888d8ce8a3781a3d43e57b.zip",
                "reference": "fcc835a1ffbf74c6dc888d8ce8a3781a3d43e57b",
                "shasum": ""
            },
            "require": {
                "php": ">=5.3.3",
                "zendframework/zendframework": "2.*"
            },
            "time": "2012-11-26 22:14:56",
            "type": "module",
            "installation-source": "source",
            "autoload": {
                "psr-0": {
                    "QuTcPdf": "src/"
                },
                "classmap": [
                    "./Module.php"
                ]
            },
            "license": [
                "BSD-3-Clause"
            ],
            "authors": [
                {
                    "name": "Cel Ticó Petit",
                    "email": "cel@cenics.net",
                    "homepage": "http://www.cenics.cat",
                    "role": "Developer"
                }
            ],
            "description": "ZF2 module for TcPdf",
            "homepage": "https://github.com/Celtico/QuTcPdf",
            "keywords": [
                "zf2",
                "module",
                "pdf",
                "TCPDF"
            ]
        },
        {
            "name": "qu-modules/qu-webdemo",
            "version": "dev-master",
            "source": {
                "type": "git",
                "url": "git@github.com:Celtico/QuWebDemo.git",
                "reference": "30d2c97effe293f9093214bf60dda340c6ff6653"
            },
            "dist": {
                "type": "zip",
                "url": "https://github.com/Celtico/QuWebDemo/archive/30d2c97effe293f9093214bf60dda340c6ff6653.zip",
                "reference": "30d2c97effe293f9093214bf60dda340c6ff6653",
                "shasum": ""
            },
            "require": {
                "php": ">=5.3.3",
                "zendframework/zendframework": "2.*"
            },
            "time": "2012-11-26 22:26:23",
            "type": "module",
            "installation-source": "source",
            "autoload": {
                "psr-0": {
                    "QuWebDemo": "src/"
                },
                "classmap": [
                    "./Module.php"
                ]
            },
            "license": [
                "BSD-3-Clause"
            ],
            "authors": [
                {
                    "name": "Cel Ticó Petit",
                    "email": "cel@cenics.net",
                    "homepage": "http://www.cenics.cat",
                    "role": "Developer"
                }
            ],
            "description": "ZF2 QuWebDemo",
            "homepage": "https://github.com/Celtico/QuWebDemo/",
            "keywords": [
                "zf2",
                "web",
                "app",
                "demo"
            ]
        },
        {
            "name": "webino/webino-image-thumb",
            "version": "dev-master",
            "source": {
                "type": "git",
                "url": "https://github.com/webino/WebinoImageThumb",
                "reference": "1.0.0"
            },
            "dist": {
                "type": "zip",
                "url": "https://github.com/webino/WebinoImageThumb/archive/1.0.0.zip",
                "reference": "1.0.0",
                "shasum": ""
            },
            "require": {
                "php": ">=5.3.3",
                "zendframework/zendframework": "2.*"
            },
            "suggest": {
                "webino/WebinoDraw": "XHTML Layout Renderer for Zend Framework.",
                "webino/ZF2NetteDebug": "User friendly Exception and Error handler ported from Nette Framework."
            },
            "time": "2012-11-03 02:25:11",
            "type": "library",
            "installation-source": "source",
            "autoload": {
                "psr-0": {
                    "WebinoImageThumb": "src/"
                },
                "classmap": [
                    "Module.php"
                ]
            },
            "license": [
                "New BSD License"
            ],
            "authors": [
                {
                    "name": "Peter Bačinský",
                    "email": "peter@bacinsky.sk",
                    "homepage": "http://www.bacinsky.sk/",
                    "role": "Developer"
                },
                {
                    "name": "Ian Selby",
                    "email": "ian@gxdlabs.com",
                    "homepage": "http://www.gen-x-design.com/",
                    "role": "Developer"
                }
            ],
            "description": "Image Thumbnailer for Zend Framework.",
            "homepage": "https://github.com/webino/WebinoImageThumb",
            "keywords": [
                "framework",
                "image",
                "zend",
                "zf2",
                "webino",
                "thumb"
            ]
        },
        {
            "name": "zendframework/zendframework",
            "version": "2.0.4",
            "source": {
                "type": "git",
                "url": "git://github.com/zendframework/zf2.git",
                "reference": "release-2.0.4"
            },
            "dist": {
                "type": "zip",
                "url": "https://github.com/zendframework/zf2/archive/release-2.0.4.zip",
                "reference": "release-2.0.4",
                "shasum": ""
            },
            "require": {
                "php": ">=5.3.3"
            },
            "replace": {
                "zendframework/zend-acl": "self.version",
                "zendframework/zend-authentication": "self.version",
                "zendframework/zend-barcode": "self.version",
                "zendframework/zend-cache": "self.version",
                "zendframework/zend-captcha": "self.version",
                "zendframework/zend-code": "self.version",
                "zendframework/zend-config": "self.version",
                "zendframework/zend-console": "self.version",
                "zendframework/zend-crypt": "self.version",
                "zendframework/zend-db": "self.version",
                "zendframework/zend-di": "self.version",
                "zendframework/zend-dom": "self.version",
                "zendframework/zend-escaper": "self.version",
                "zendframework/zend-eventmanager": "self.version",
                "zendframework/zend-feed": "self.version",
                "zendframework/zend-file": "self.version",
                "zendframework/zend-filter": "self.version",
                "zendframework/zend-form": "self.version",
                "zendframework/zend-http": "self.version",
                "zendframework/zend-i18n": "self.version",
                "zendframework/zend-inputfilter": "self.version",
                "zendframework/zend-json": "self.version",
                "zendframework/zend-ldap": "self.version",
                "zendframework/zend-loader": "self.version",
                "zendframework/zend-log": "self.version",
                "zendframework/zend-mail": "self.version",
                "zendframework/zend-markup": "self.version",
                "zendframework/zend-math": "self.version",
                "zendframework/zend-memory": "self.version",
                "zendframework/zend-mime": "self.version",
                "zendframework/zend-modulemanager": "self.version",
                "zendframework/zend-mvc": "self.version",
                "zendframework/zend-navigation": "self.version",
                "zendframework/zend-paginator": "self.version",
                "zendframework/zend-progressbar": "self.version",
                "zendframework/zend-serializer": "self.version",
                "zendframework/zend-server": "self.version",
                "zendframework/zend-servicemanager": "self.version",
                "zendframework/zend-session": "self.version",
                "zendframework/zend-soap": "self.version",
                "zendframework/zend-stdlib": "self.version",
                "zendframework/zend-tag": "self.version",
                "zendframework/zend-text": "self.version",
                "zendframework/zend-uri": "self.version",
                "zendframework/zend-validator": "self.version",
                "zendframework/zend-view": "self.version",
                "zendframework/zend-xmlrpc": "self.version"
            },
            "require-dev": {
                "doctrine/common": ">=2.1",
                "phpunit/phpunit": "3.7.*"
            },
            "suggest": {
                "doctrine/common": "Doctrine\\Common >=2.1 for annotation features",
                "ext-intl": "ext/intl for i18n features",
                "pecl-weakref": "Implementation of weak references for Zend\\Stdlib\\CallbackHandler",
                "zendframework/zendpdf": "ZendPdf for creating PDF representations of barcodes",
                "zendframework/zendservice-recaptcha": "ZendService\\ReCaptcha for rendering ReCaptchas in Zend\\Captcha and/or Zend\\Form"
            },
            "time": "2012-11-20 21:14:29",
            "bin": [
                "bin/classmap_generator.php"
            ],
            "type": "library",
            "extra": {
                "branch-alias": {
                    "dev-master": "2.0-dev",
                    "dev-develop": "2.1-dev"
                }
            },
            "installation-source": "dist",
            "autoload": {
                "psr-0": {
                    "Zend\\": "library/",
                    "ZendTest\\": "tests/"
                }
            },
            "license": [
                "BSD-3-Clause"
            ],
            "description": "Zend Framework 2",
            "homepage": "http://framework.zend.com/",
            "keywords": [
                "framework",
                "zf2"
            ]
        },
        {
            "name": "zf-commons/zfc-base",
            "version": "dev-master",
            "source": {
                "type": "git",
                "url": "git://github.com/ZF-Commons/ZfcBase.git",
                "reference": "38990ad5f51002dd271ab676b90a3d59728190e2"
            },
            "dist": {
                "type": "zip",
                "url": "https://github.com/ZF-Commons/ZfcBase/archive/38990ad5f51002dd271ab676b90a3d59728190e2.zip",
                "reference": "38990ad5f51002dd271ab676b90a3d59728190e2",
                "shasum": ""
            },
            "require": {
                "php": ">=5.3.3",
                "zendframework/zendframework": "2.*"
            },
            "time": "2012-10-24 17:42:28",
            "type": "library",
            "installation-source": "source",
            "autoload": {
                "psr-0": {
                    "ZfcBase": "src/"
                },
                "classmap": [
                    "./Module.php"
                ]
            },
            "authors": [
                {
                    "name": "Kyle Spraggs",
                    "email": "theman@spiffyjr.me",
                    "homepage": "http://www.spiffyjr.me/"
                },
                {
                    "name": "Evan Coury",
                    "email": "me@evancoury.com",
                    "homepage": "http://blog.evan.pro/"
                }
            ],
            "description": "A set of genetic (abstract) classes which are commonly used across multiple modules.",
            "homepage": "https://github.com/ZF-Commons/ZfcBase",
            "keywords": [
                "zf2"
            ]
        },
        {
            "name": "zf-commons/zfc-user",
            "version": "dev-master",
            "source": {
                "type": "git",
                "url": "git://github.com/ZF-Commons/ZfcUser.git",
                "reference": "ca85fe3799191108e5349e4389a0e386fc236d90"
            },
            "dist": {
                "type": "zip",
                "url": "https://github.com/ZF-Commons/ZfcUser/archive/ca85fe3799191108e5349e4389a0e386fc236d90.zip",
                "reference": "ca85fe3799191108e5349e4389a0e386fc236d90",
                "shasum": ""
            },
            "require": {
                "php": ">=5.3.3",
                "zf-commons/zfc-base": "dev-master",
                "zendframework/zendframework": "2.*"
            },
            "time": "2012-11-21 08:32:27",
            "type": "library",
            "installation-source": "source",
            "autoload": {
                "psr-0": {
                    "ZfcUser": "src/"
                },
                "classmap": [
                    "./Module.php"
                ]
            },
            "authors": [
                {
                    "name": "Kyle Spraggs",
                    "email": "theman@spiffyjr.me",
                    "homepage": "http://www.spiffyjr.me/"
                },
                {
                    "name": "Evan Coury",
                    "email": "me@evancoury.com",
                    "homepage": "http://blog.evan.pro/"
                }
            ],
            "description": "A generic user registration and authentication module for ZF2. Supports Zend\\Db and Doctrine2.",
            "homepage": "https://github.com/ZF-Commons/ZfcUser",
            "keywords": [
                "zf2"
            ]
        }
    ],
    "packages-dev": null,
    "aliases": [

    ],
    "minimum-stability": "stable",
    "stability-flags": {
        "zf-commons/zfc-base": 20,
        "zf-commons/zfc-user": 20,
        "webino/webino-image-thumb": 20,
        "cgm/config-admin": 20,
        "qu-modules/qu-ckeditor": 20,
        "qu-modules/qu-elfinder": 20,
        "qu-modules/qu-phpmailer": 20,
        "qu-modules/qu-tcpdf": 20,
        "qu-modules/qu-admin": 20,
        "qu-modules/qu-webdemo": 20,
        "qu-modules/qu-admindemo": 20
    }
}
